
Microsoft Visual Studio Solution File, Format Version 12.00
# Visual Studio Version 17
VisualStudioVersion = 17.3.32825.248
MinimumVisualStudioVersion = 10.0.40219.1
Project("{FAE04EC0-301F-11D3-BF4B-00C04F79EFBC}") = "MultiWindow", "MultiWindow\MultiWindow.csproj", "{BF483EAF-2C60-4802-B53A-DFEFF9D7B894}"
EndProject
Global
	GlobalSection(SolutionConfigurationPlatforms) = preSolution
		Debug|Any CPU = Debug|Any CPU
		Release|Any CPU = Release|Any CPU
	EndGlobalSection
	GlobalSection(ProjectConfigurationPlatforms) = postSolution
		{BF483EAF-2C60-4802-B53A-DFEFF9D7B894}.Debug|Any CPU.ActiveCfg = Debug|Any CPU
		{BF483EAF-2C60-4802-B53A-DFEFF9D7B894}.Debug|Any CPU.Build.0 = Debug|Any CPU
		{BF483EAF-2C60-4802-B53A-DFEFF9D7B894}.Release|Any CPU.ActiveCfg = Release|Any CPU
		{BF483EAF-2C60-4802-B53A-DFEFF9D7B894}.Release|Any CPU.Build.0 = Release|Any CPU
	EndGlobalSection
	GlobalSection(SolutionProperties) = preSolution
		HideSolutionNode = FALSE
	EndGlobalSection
	GlobalSection(ExtensibilityGlobals) = postSolution
		SolutionGuid = {12C8E650-2122-4885-A39F-D60497233DFD}
	EndGlobalSection
EndGlobal
